
Microsoft Visual Studio Solution File, Format Version 12.00
# Visual Studio Express 2013 for Windows Desktop
VisualStudioVersion = 12.0.30110.0
MinimumVisualStudioVersion = 10.0.40219.1
Project("{FAE04EC0-301F-11D3-BF4B-00C04F79EFBC}") = "01. SumOf3Integers", "01. SumOf3Integers\01. SumOf3Integers.csproj", "{A1B6409E-AD46-41B8-8874-063F527EC1C0}"
EndProject
Project("{FAE04EC0-301F-11D3-BF4B-00C04F79EFBC}") = "02. CompanyInformation", "02. CompanyInformation\02. CompanyInformation.csproj", "{C7783BB0-7B59-4358-BDCA-448D1738EC7C}"
EndProject
Project("{FAE04EC0-301F-11D3-BF4B-00C04F79EFBC}") = "03. CirclePerimeterAndArea", "03. CirclePerimeterAndArea\03. CirclePerimeterAndArea.csproj", "{FDA4A6F5-C6BF-4C86-8D48-982610E48FBD}"
EndProject
Project("{FAE04EC0-301F-11D3-BF4B-00C04F79EFBC}") = "04. NumberComparer", "04. NumberComparer\04. NumberComparer.csproj", "{C1F587D3-27DD-4E0B-ADA8-6FB8BA2FF9A1}"
EndProject
Project("{FAE04EC0-301F-11D3-BF4B-00C04F79EFBC}") = "06. QuadraticEquation", "06. QuadraticEquation\06. QuadraticEquation.csproj", "{6055DB83-2FD3-4E90-B7D4-1F74A59AB771}"
EndProject
Project("{FAE04EC0-301F-11D3-BF4B-00C04F79EFBC}") = "08. NumbersFrom1ToN", "08. NumbersFrom1ToN\08. NumbersFrom1ToN.csproj", "{A49727D1-9311-48E2-9BA4-61B39580CB39}"
EndProject
Project("{FAE04EC0-301F-11D3-BF4B-00C04F79EFBC}") = "05. FormattingNumbers", "05. FormattingNumbers\05. FormattingNumbers.csproj", "{6B55727B-AD3B-4E2B-8299-D02DA2A6AF04}"
EndProject
Project("{FAE04EC0-301F-11D3-BF4B-00C04F79EFBC}") = "07. SumOf5Numbers", "07. SumOf5Numbers\07. SumOf5Numbers.csproj", "{6329C8DA-37BD-4543-98F7-C5DAA98024BE}"
EndProject
Project("{FAE04EC0-301F-11D3-BF4B-00C04F79EFBC}") = "09. SumOfNNumbers", "09. SumOfNNumbers\09. SumOfNNumbers.csproj", "{4D31A37E-FF5F-488C-9D64-42CC13494B95}"
EndProject
Project("{FAE04EC0-301F-11D3-BF4B-00C04F79EFBC}") = "10. FibonacciNumbers", "10. FibonacciNumbers\10. FibonacciNumbers.csproj", "{D7D26BA6-4C43-4744-A758-1772E97F9267}"
EndProject
Project("{FAE04EC0-301F-11D3-BF4B-00C04F79EFBC}") = "11. NumbersInIntervalDividableByGivenNumber", "11. NumbersInIntervalDividableByGivenNumber\11. NumbersInIntervalDividableByGivenNumber.csproj", "{A1E163DB-9637-4757-BFC5-56EBF6963945}"
EndProject
Project("{FAE04EC0-301F-11D3-BF4B-00C04F79EFBC}") = "12. FallingRocks", "12. FallingRocks\12. FallingRocks.csproj", "{EE575474-62DA-46BB-9CFD-41A085D4AA6F}"
EndProject
Global
	GlobalSection(SolutionConfigurationPlatforms) = preSolution
		Debug|Any CPU = Debug|Any CPU
		Release|Any CPU = Release|Any CPU
	EndGlobalSection
	GlobalSection(ProjectConfigurationPlatforms) = postSolution
		{A1B6409E-AD46-41B8-8874-063F527EC1C0}.Debug|Any CPU.ActiveCfg = Debug|Any CPU
		{A1B6409E-AD46-41B8-8874-063F527EC1C0}.Debug|Any CPU.Build.0 = Debug|Any CPU
		{A1B6409E-AD46-41B8-8874-063F527EC1C0}.Release|Any CPU.ActiveCfg = Release|Any CPU
		{A1B6409E-AD46-41B8-8874-063F527EC1C0}.Release|Any CPU.Build.0 = Release|Any CPU
		{C7783BB0-7B59-4358-BDCA-448D1738EC7C}.Debug|Any CPU.ActiveCfg = Debug|Any CPU
		{C7783BB0-7B59-4358-BDCA-448D1738EC7C}.Debug|Any CPU.Build.0 = Debug|Any CPU
		{C7783BB0-7B59-4358-BDCA-448D1738EC7C}.Release|Any CPU.ActiveCfg = Release|Any CPU
		{C7783BB0-7B59-4358-BDCA-448D1738EC7C}.Release|Any CPU.Build.0 = Release|Any CPU
		{FDA4A6F5-C6BF-4C86-8D48-982610E48FBD}.Debug|Any CPU.ActiveCfg = Debug|Any CPU
		{FDA4A6F5-C6BF-4C86-8D48-982610E48FBD}.Debug|Any CPU.Build.0 = Debug|Any CPU
		{FDA4A6F5-C6BF-4C86-8D48-982610E48FBD}.Release|Any CPU.ActiveCfg = Release|Any CPU
		{FDA4A6F5-C6BF-4C86-8D48-982610E48FBD}.Release|Any CPU.Build.0 = Release|Any CPU
		{C1F587D3-27DD-4E0B-ADA8-6FB8BA2FF9A1}.Debug|Any CPU.ActiveCfg = Debug|Any CPU
		{C1F587D3-27DD-4E0B-ADA8-6FB8BA2FF9A1}.Debug|Any CPU.Build.0 = Debug|Any CPU
		{C1F587D3-27DD-4E0B-ADA8-6FB8BA2FF9A1}.Release|Any CPU.ActiveCfg = Release|Any CPU
		{C1F587D3-27DD-4E0B-ADA8-6FB8BA2FF9A1}.Release|Any CPU.Build.0 = Release|Any CPU
		{6055DB83-2FD3-4E90-B7D4-1F74A59AB771}.Debug|Any CPU.ActiveCfg = Debug|Any CPU
		{6055DB83-2FD3-4E90-B7D4-1F74A59AB771}.Debug|Any CPU.Build.0 = Debug|Any CPU
		{6055DB83-2FD3-4E90-B7D4-1F74A59AB771}.Release|Any CPU.ActiveCfg = Release|Any CPU
		{6055DB83-2FD3-4E90-B7D4-1F74A59AB771}.Release|Any CPU.Build.0 = Release|Any CPU
		{A49727D1-9311-48E2-9BA4-61B39580CB39}.Debug|Any CPU.ActiveCfg = Debug|Any CPU
		{A49727D1-9311-48E2-9BA4-61B39580CB39}.Debug|Any CPU.Build.0 = Debug|Any CPU
		{A49727D1-9311-48E2-9BA4-61B39580CB39}.Release|Any CPU.ActiveCfg = Release|Any CPU
		{A49727D1-9311-48E2-9BA4-61B39580CB39}.Release|Any CPU.Build.0 = Release|Any CPU
		{6B55727B-AD3B-4E2B-8299-D02DA2A6AF04}.Debug|Any CPU.ActiveCfg = Debug|Any CPU
		{6B55727B-AD3B-4E2B-8299-D02DA2A6AF04}.Debug|Any CPU.Build.0 = Debug|Any CPU
		{6B55727B-AD3B-4E2B-8299-D02DA2A6AF04}.Release|Any CPU.ActiveCfg = Release|Any CPU
		{6B55727B-AD3B-4E2B-8299-D02DA2A6AF04}.Release|Any CPU.Build.0 = Release|Any CPU
		{6329C8DA-37BD-4543-98F7-C5DAA98024BE}.Debug|Any CPU.ActiveCfg = Debug|Any CPU
		{6329C8DA-37BD-4543-98F7-C5DAA98024BE}.Debug|Any CPU.Build.0 = Debug|Any CPU
		{6329C8DA-37BD-4543-98F7-C5DAA98024BE}.Release|Any CPU.ActiveCfg = Release|Any CPU
		{6329C8DA-37BD-4543-98F7-C5DAA98024BE}.Release|Any CPU.Build.0 = Release|Any CPU
		{4D31A37E-FF5F-488C-9D64-42CC13494B95}.Debug|Any CPU.ActiveCfg = Debug|Any CPU
		{4D31A37E-FF5F-488C-9D64-42CC13494B95}.Debug|Any CPU.Build.0 = Debug|Any CPU
		{4D31A37E-FF5F-488C-9D64-42CC13494B95}.Release|Any CPU.ActiveCfg = Release|Any CPU
		{4D31A37E-FF5F-488C-9D64-42CC13494B95}.Release|Any CPU.Build.0 = Release|Any CPU
		{D7D26BA6-4C43-4744-A758-1772E97F9267}.Debug|Any CPU.ActiveCfg = Debug|Any CPU
		{D7D26BA6-4C43-4744-A758-1772E97F9267}.Debug|Any CPU.Build.0 = Debug|Any CPU
		{D7D26BA6-4C43-4744-A758-1772E97F9267}.Release|Any CPU.ActiveCfg = Release|Any CPU
		{D7D26BA6-4C43-4744-A758-1772E97F9267}.Release|Any CPU.Build.0 = Release|Any CPU
		{A1E163DB-9637-4757-BFC5-56EBF6963945}.Debug|Any CPU.ActiveCfg = Debug|Any CPU
		{A1E163DB-9637-4757-BFC5-56EBF6963945}.Debug|Any CPU.Build.0 = Debug|Any CPU
		{A1E163DB-9637-4757-BFC5-56EBF6963945}.Release|Any CPU.ActiveCfg = Release|Any CPU
		{A1E163DB-9637-4757-BFC5-56EBF6963945}.Release|Any CPU.Build.0 = Release|Any CPU
		{EE575474-62DA-46BB-9CFD-41A085D4AA6F}.Debug|Any CPU.ActiveCfg = Debug|Any CPU
		{EE575474-62DA-46BB-9CFD-41A085D4AA6F}.Debug|Any CPU.Build.0 = Debug|Any CPU
		{EE575474-62DA-46BB-9CFD-41A085D4AA6F}.Release|Any CPU.ActiveCfg = Release|Any CPU
		{EE575474-62DA-46BB-9CFD-41A085D4AA6F}.Release|Any CPU.Build.0 = Release|Any CPU
	EndGlobalSection
	GlobalSection(SolutionProperties) = preSolution
		HideSolutionNode = FALSE
	EndGlobalSection
EndGlobal
